# THIS IS AN AUTOGENERATED FILE. DO NOT EDIT THIS FILE DIRECTLY.
# yarn lockfile v1


inversify@^5.0.5:
  version "5.0.5"
  resolved "https://r.cnpmjs.org/inversify/download/inversify-5.0.5.tgz#bd1f8e6d8e0f739331acd8ba9bc954635aae0bbf"
  integrity sha1-vR+ObY4Pc5MxrNi6m8lUY1quC78=

reflect-metadata@^0.1.13:
  version "0.1.13"
  resolved "https://r.cnpmjs.org/reflect-metadata/download/reflect-metadata-0.1.13.tgz#67ae3ca57c972a2aa1642b10fe363fe32d49dc08"
  integrity sha1-Z648pXyXKiqhZCsQ/jY/4y1J3Ag=
